# This file is automatically @generated by Poetry 2.1.2 and should not be changed by hand.

[[package]]
name = "python-decouple"
version = "3.8"
description = "Strict separation of settings from code."
optional = false
python-versions = "*"
groups = ["main"]
files = [
    {file = "python-decouple-3.8.tar.gz", hash = "sha256:ba6e2657d4f376ecc46f77a3a615e058d93ba5e465c01bbe57289bfb7cce680f"},
    {file = "python_decouple-3.8-py3-none-any.whl", hash = "sha256:d0d45340815b25f4de59c974b855bb38d03151d81b037d9e3f463b0c9f8cbd66"},
]

[[package]]
name = "python-environ"
version = "0.4.54"
description = "Django-environ allows you to utilize 12factor inspired environment variables to configure your Django application."
optional = false
python-versions = "*"
groups = ["main"]
files = [
    {file = "python-environ-0.4.54.tar.gz", hash = "sha256:6249a14057f95aba3b4906d73276f770e01e659f8098b3f3b34295feac42865b"},
]

[metadata]
lock-version = "2.1"
python-versions = ">=3.9"
content-hash = "27d4c1c4b05091334af33b7a54a428360dd228b0b6869f90b7ac0c370e395d7d"
